# THIS IS AN AUTOGENERATED FILE. DO NOT EDIT THIS FILE DIRECTLY.
# yarn lockfile v1


"@biomejs/biome@~2.5.5":
  version "2.5.7"
  resolved "https://registry.yarnpkg.com/@biomejs/biome/-/biome-2.5.7.tgz#845a49fe90f271b4f280e4244ecaccb0306e9068"
  integrity sha512-zr8K/DcY5tYsQOQwqMJ0AWElo6QgmgNI7idXgXLhevVszlt8RGVpesEJPqx3ThazLaOwjJ5Y8fz3BtH5fGZNsw==
  optionalDependencies:
    "@biomejs/cli-darwin-arm64" "2.5.7"
    "@biomejs/cli-darwin-x64" "2.5.7"
    "@biomejs/cli-linux-arm64" "2.5.7"
    "@biomejs/cli-linux-arm64-musl" "2.5.7"
    "@biomejs/cli-linux-x64" "2.5.7"
    "@biomejs/cli-linux-x64-musl" "2.5.7"
    "@biomejs/cli-win32-arm64" "2.5.7"
    "@biomejs/cli-win32-x64" "2.5.7"

"@biomejs/cli-darwin-arm64@2.5.7":
  version "2.5.7"
  resolved "https://registry.yarnpkg.com/@biomejs/cli-darwin-arm64/-/cli-darwin-arm64-2.5.7.tgz#64a47b72f6405f80f6df92fa79246c23d91d5ddd"
  integrity sha512-vxo/Ls3/PYdQWyLhYYcgMOCzQypAjcY+iihS8M0wW03l16TCLW4zqZzGo75gm1VdCMj38hTVZ31KBWrZ4G9dJw==

"@biomejs/cli-darwin-x64@2.5.7":
  version "2.5.7"
  resolved "https://registry.yarnpkg.com/@biomejs/cli-darwin-x64/-/cli-darwin-x64-2.5.7.tgz#3f58c2d6e7af46c7da1c2232797a2a9e325194f4"
  integrity sha512-Cd3Ga61amT/Yl/0x8elP5hhGYaFy4bw6WuysTgf7oo8TA5tJ5A1k+DkVoJ2BHbTVil51gTX9VPzArnrlLJ3Kyg==

"@biomejs/cli-linux-arm64-musl@2.5.7":
  version "2.5.7"
  resolved "https://registry.yarnpkg.com/@biomejs/cli-linux-arm64-musl/-/cli-linux-arm64-musl-2.5.7.tgz#f135313f59f9e126a3553ace4239e4279cc2e7ac"
  integrity sha512-xPI5yB6XlpDbNkS+bm1t42olw5c4l3UrlOmLg7KtLJvjvkNF/1V4tnUgfkylGIeb3u/T+BzMGYqgQhzjAoJzuQ==

"@biomejs/cli-linux-arm64@2.5.7":
  version "2.5.7"
  resolved "https://registry.yarnpkg.com/@biomejs/cli-linux-arm64/-/cli-linux-arm64-2.5.7.tgz#3e98beda0cab6e1f33908805b1be2d182ae8ce3f"
  integrity sha512-rR2QE0yF2GYSuYuKIa7pKvODGJqnOH+2eDREAM8wV+mWKSkMQKdAp4zXEZfTaxY8PMoNONnpgSWcBCyLDPDOKg==

"@biomejs/cli-linux-x64-musl@2.5.7":
  version "2.5.7"
  resolved "https://registry.yarnpkg.com/@biomejs/cli-linux-x64-musl/-/cli-linux-x64-musl-2.5.7.tgz#2a21980331ef492601ef6c8e439953395f19bce1"
  integrity sha512-rE5VZi+qtmPgQH+l7jVxYoZ18b/TiHEhulhMpjmCZH1PltSbjRcxNWywC3HZ9tYottG7ORkeTtoscBilKSBm0g==

"@biomejs/cli-linux-x64@2.5.7":
  version "2.5.7"
  resolved "https://registry.yarnpkg.com/@biomejs/cli-linux-x64/-/cli-linux-x64-2.5.7.tgz#f4511c8ca02d8d0a86d0b0d688b90aa2ad0d14ce"
  integrity sha512-FQgqJhscrqJUFptGaRSUJWlXAExwWcDwLuK49dvKfkQ1bB5SEEyFssnsxQY83Xm6jR0EbbX3+8+D5bfvYqUG2Q==

"@biomejs/cli-win32-arm64@2.5.7":
  version "2.5.7"
  resolved "https://registry.yarnpkg.com/@biomejs/cli-win32-arm64/-/cli-win32-arm64-2.5.7.tgz#b827341236d6914f83777857d6b16ee7734143cf"
  integrity sha512-Oq4x0CCwP4jirrcTywXs5kOGZ4v5vuEP+gWrbtjApOA2CL9F3F9GlIdQIci8AKSCa/zURanMRpX/4wQ7Am6hHg==

"@biomejs/cli-win32-x64@2.5.7":
  version "2.5.7"
  resolved "https://registry.yarnpkg.com/@biomejs/cli-win32-x64/-/cli-win32-x64-2.5.7.tgz#aba3fa4705d963ff8c89f26ab5d4534f8f963c96"
  integrity sha512-V+0wu/nrj2S+MhP4EQ0uHNolP0IALEsz45pg0WoKkHfDeh0+ItHwP/p7bX5RPoMOl9NkpHYWdYPhIcy2mACHvQ==
