# THIS IS AN AUTOGENERATED FILE. DO NOT EDIT THIS FILE DIRECTLY.
# yarn lockfile v1


"@biomejs/biome@~2.5.5":
  version "2.5.13"
  resolved "https://registry.yarnpkg.com/@biomejs/biome/-/biome-2.5.13.tgz#e7e5b5f79837d18d120062b921e523908f1aba77"
  integrity sha512-+SEC/mFk1a+5mvUANZgbZTaiZXs1nj4iMhL/PHiqDT5TPUEPFIlliEtkKKZB4N862yylHC3UI+/Sj2I0HJEqhA==
  optionalDependencies:
    "@biomejs/cli-darwin-arm64" "2.5.13"
    "@biomejs/cli-darwin-x64" "2.5.13"
    "@biomejs/cli-linux-arm64" "2.5.13"
    "@biomejs/cli-linux-arm64-musl" "2.5.13"
    "@biomejs/cli-linux-x64" "2.5.13"
    "@biomejs/cli-linux-x64-musl" "2.5.13"
    "@biomejs/cli-win32-arm64" "2.5.13"
    "@biomejs/cli-win32-x64" "2.5.13"

"@biomejs/cli-darwin-arm64@2.5.13":
  version "2.5.13"
  resolved "https://registry.yarnpkg.com/@biomejs/cli-darwin-arm64/-/cli-darwin-arm64-2.5.13.tgz#e35c7cfd3fd029a106b93ecfb70e212f04c04c0e"
  integrity sha512-nYSuDJ6zgVqZUkAkJkvhXxsF2PYIrUk/g638K4voCXz7foI9f7b6C2/7+oAihsHQlivZNMUrm/y8ywlcHQtZOw==

"@biomejs/cli-darwin-x64@2.5.13":
  version "2.5.13"
  resolved "https://registry.yarnpkg.com/@biomejs/cli-darwin-x64/-/cli-darwin-x64-2.5.13.tgz#dfcd29bb1bd588c7be67d33bf76c019a84e51419"
  integrity sha512-KVy1ceEDuJ3AzFxjT9kkxbVy+UANw1pjEMUS6lvKfxjJ+fmkRvc7sQn1Xo6ETgseEI7wUQoV03KSga3XfE8YRQ==

"@biomejs/cli-linux-arm64-musl@2.5.13":
  version "2.5.13"
  resolved "https://registry.yarnpkg.com/@biomejs/cli-linux-arm64-musl/-/cli-linux-arm64-musl-2.5.13.tgz#e9787fe0101dbfee3c31569a056f59a882e5b15f"
  integrity sha512-CH32xpep3dNS5EVJpAHlYchkBYznxyVZQrx0b6YYYlPL9u9ZeD2NtqiK/6s64+HFS2a7hGnryLlqqZAOh8ax5g==

"@biomejs/cli-linux-arm64@2.5.13":
  version "2.5.13"
  resolved "https://registry.yarnpkg.com/@biomejs/cli-linux-arm64/-/cli-linux-arm64-2.5.13.tgz#f77ce57efdfad31ad4541fe478fba75bd4025f47"
  integrity sha512-VlNMtoxOqs0dUR6drxxHr18SNUvI7xxAuHZlH4s/dstYSf3g6RaqVgo8JRnhcOhKz9afWrvtJTboNG1JuYlIDQ==

"@biomejs/cli-linux-x64-musl@2.5.13":
  version "2.5.13"
  resolved "https://registry.yarnpkg.com/@biomejs/cli-linux-x64-musl/-/cli-linux-x64-musl-2.5.13.tgz#424914c95cd877a248de01b9c28eca65eea0be3d"
  integrity sha512-F3pmwl+VHoUuVJN/tbNLKeLt0SVK3EIyN1jXlMcNyQGYRQQTVqXF+GgkP0/CjGXFN87e/mv0sBfUnWqWza5PKQ==

"@biomejs/cli-linux-x64@2.5.13":
  version "2.5.13"
  resolved "https://registry.yarnpkg.com/@biomejs/cli-linux-x64/-/cli-linux-x64-2.5.13.tgz#5637565847ecd40c9d81652382597cf5491a460c"
  integrity sha512-Fi6gIxbUaJ3ZCIXeG3ggIBPF76O2DjDN67WrPX/ODRv54GeXPm2gbEPC96Yb0yrJoiH0Eax1JLx1Pi0XbsNFZQ==

"@biomejs/cli-win32-arm64@2.5.13":
  version "2.5.13"
  resolved "https://registry.yarnpkg.com/@biomejs/cli-win32-arm64/-/cli-win32-arm64-2.5.13.tgz#cab49a7ccd5298aa1629ea524d209af2b84b9674"
  integrity sha512-+WD13qshXrr0Icv4BfsAdzm8Fs3TL+nZ59zEQxsYNd8lcgZJ0A5+OrlwsL1PipVCmWeRpxgIPD6DAcEd7smkCQ==

"@biomejs/cli-win32-x64@2.5.13":
  version "2.5.13"
  resolved "https://registry.yarnpkg.com/@biomejs/cli-win32-x64/-/cli-win32-x64-2.5.13.tgz#37336709d07473c1bad65d47d944896e716d0453"
  integrity sha512-VOofU/nW761XWzUeUNE8zzYNyPrxuMuNFMizL0qz7J75yeV8N7WFheUlk1/K6dOkaFpH9wJ+lDKlwjAbw0346w==
